
Microsoft Visual Studio Solution File, Format Version 12.00
# Visual Studio Version 17
VisualStudioVersion = 17.11.35327.3
MinimumVisualStudioVersion = 10.0.40219.1
Project("{FAE04EC0-301F-11D3-BF4B-00C04F79EFBC}") = "zbs gp project", "zbs gp project.csproj", "{22A6FA8E-B192-4FA9-8774-D27F4CFBD73D}"
EndProject
Global
	GlobalSection(SolutionConfigurationPlatforms) = preSolution
		Debug|Any CPU = Debug|Any CPU
		Release|Any CPU = Release|Any CPU
	EndGlobalSection
	GlobalSection(ProjectConfigurationPlatforms) = postSolution
		{22A6FA8E-B192-4FA9-8774-D27F4CFBD73D}.Debug|Any CPU.ActiveCfg = Debug|Any CPU
		{22A6FA8E-B192-4FA9-8774-D27F4CFBD73D}.Debug|Any CPU.Build.0 = Debug|Any CPU
		{22A6FA8E-B192-4FA9-8774-D27F4CFBD73D}.Release|Any CPU.ActiveCfg = Release|Any CPU
		{22A6FA8E-B192-4FA9-8774-D27F4CFBD73D}.Release|Any CPU.Build.0 = Release|Any CPU
	EndGlobalSection
	GlobalSection(SolutionProperties) = preSolution
		HideSolutionNode = FALSE
	EndGlobalSection
	GlobalSection(ExtensibilityGlobals) = postSolution
		SolutionGuid = {8701D89F-AA7E-4E44-8FE7-EB2320895B79}
	EndGlobalSection
EndGlobal
